
Microsoft Visual Studio Solution File, Format Version 12.00
# Visual Studio Version 16
VisualStudioVersion = 16.0.29519.181
MinimumVisualStudioVersion = 10.0.40219.1
Project("{8BC9CEB8-8B4A-11D0-8D11-00A0C91BC942}") = "Lab_sortyvannja", "Lab_sortyvannja.vcxproj", "{798C39D3-F70A-415E-A65E-741087E08F50}"
EndProject
Global
	GlobalSection(SolutionConfigurationPlatforms) = preSolution
		Debug|x64 = Debug|x64
		Debug|x86 = Debug|x86
		Release|x64 = Release|x64
		Release|x86 = Release|x86
	EndGlobalSection
	GlobalSection(ProjectConfigurationPlatforms) = postSolution
		{798C39D3-F70A-415E-A65E-741087E08F50}.Debug|x64.ActiveCfg = Debug|x64
		{798C39D3-F70A-415E-A65E-741087E08F50}.Debug|x64.Build.0 = Debug|x64
		{798C39D3-F70A-415E-A65E-741087E08F50}.Debug|x86.ActiveCfg = Debug|Win32
		{798C39D3-F70A-415E-A65E-741087E08F50}.Debug|x86.Build.0 = Debug|Win32
		{798C39D3-F70A-415E-A65E-741087E08F50}.Release|x64.ActiveCfg = Release|x64
		{798C39D3-F70A-415E-A65E-741087E08F50}.Release|x64.Build.0 = Release|x64
		{798C39D3-F70A-415E-A65E-741087E08F50}.Release|x86.ActiveCfg = Release|Win32
		{798C39D3-F70A-415E-A65E-741087E08F50}.Release|x86.Build.0 = Release|Win32
	EndGlobalSection
	GlobalSection(SolutionProperties) = preSolution
		HideSolutionNode = FALSE
	EndGlobalSection
	GlobalSection(ExtensibilityGlobals) = postSolution
		SolutionGuid = {24CCB218-1F89-4E82-B4B4-7B4A801780DF}
	EndGlobalSection
EndGlobal
